
Microsoft Visual Studio Solution File, Format Version 12.00
# Visual Studio Version 17
VisualStudioVersion = 17.1.32228.430
MinimumVisualStudioVersion = 10.0.40219.1
Project("{FAE04EC0-301F-11D3-BF4B-00C04F79EFBC}") = "Billetes", "Biblioteca\Billetes.csproj", "{0E0191C5-88D6-4CD5-B552-B7B82E1370E3}"
EndProject
Project("{FAE04EC0-301F-11D3-BF4B-00C04F79EFBC}") = "Consola", "..\Consola\Consola.csproj", "{8AD10864-CC4C-419F-A876-6361A3CD95A1}"
EndProject
Global
	GlobalSection(SolutionConfigurationPlatforms) = preSolution
		Debug|Any CPU = Debug|Any CPU
		Release|Any CPU = Release|Any CPU
	EndGlobalSection
	GlobalSection(ProjectConfigurationPlatforms) = postSolution
		{0E0191C5-88D6-4CD5-B552-B7B82E1370E3}.Debug|Any CPU.ActiveCfg = Debug|Any CPU
		{0E0191C5-88D6-4CD5-B552-B7B82E1370E3}.Debug|Any CPU.Build.0 = Debug|Any CPU
		{0E0191C5-88D6-4CD5-B552-B7B82E1370E3}.Release|Any CPU.ActiveCfg = Release|Any CPU
		{0E0191C5-88D6-4CD5-B552-B7B82E1370E3}.Release|Any CPU.Build.0 = Release|Any CPU
		{8AD10864-CC4C-419F-A876-6361A3CD95A1}.Debug|Any CPU.ActiveCfg = Debug|Any CPU
		{8AD10864-CC4C-419F-A876-6361A3CD95A1}.Debug|Any CPU.Build.0 = Debug|Any CPU
		{8AD10864-CC4C-419F-A876-6361A3CD95A1}.Release|Any CPU.ActiveCfg = Release|Any CPU
		{8AD10864-CC4C-419F-A876-6361A3CD95A1}.Release|Any CPU.Build.0 = Release|Any CPU
	EndGlobalSection
	GlobalSection(SolutionProperties) = preSolution
		HideSolutionNode = FALSE
	EndGlobalSection
	GlobalSection(ExtensibilityGlobals) = postSolution
		SolutionGuid = {07D096EF-454A-4837-BF6A-267D6732C9A4}
	EndGlobalSection
EndGlobal
