
Microsoft Visual Studio Solution File, Format Version 12.00
# Visual Studio Version 17
VisualStudioVersion = 17.1.32228.430
MinimumVisualStudioVersion = 10.0.40219.1
Project("{FAE04EC0-301F-11D3-BF4B-00C04F79EFBC}") = "Calcular_Factorial", "Calcular_Factorial\Calcular_Factorial.csproj", "{F1F39689-6A00-42DE-8452-C5B4C3A7DCDC}"
EndProject
Project("{FAE04EC0-301F-11D3-BF4B-00C04F79EFBC}") = "Biblioteca", "Biblioteca\Biblioteca.csproj", "{B8F06B94-6B2F-403C-BDB6-8E6B23EAD634}"
EndProject
Global
	GlobalSection(SolutionConfigurationPlatforms) = preSolution
		Debug|Any CPU = Debug|Any CPU
		Release|Any CPU = Release|Any CPU
	EndGlobalSection
	GlobalSection(ProjectConfigurationPlatforms) = postSolution
		{F1F39689-6A00-42DE-8452-C5B4C3A7DCDC}.Debug|Any CPU.ActiveCfg = Debug|Any CPU
		{F1F39689-6A00-42DE-8452-C5B4C3A7DCDC}.Debug|Any CPU.Build.0 = Debug|Any CPU
		{F1F39689-6A00-42DE-8452-C5B4C3A7DCDC}.Release|Any CPU.ActiveCfg = Release|Any CPU
		{F1F39689-6A00-42DE-8452-C5B4C3A7DCDC}.Release|Any CPU.Build.0 = Release|Any CPU
		{B8F06B94-6B2F-403C-BDB6-8E6B23EAD634}.Debug|Any CPU.ActiveCfg = Debug|Any CPU
		{B8F06B94-6B2F-403C-BDB6-8E6B23EAD634}.Debug|Any CPU.Build.0 = Debug|Any CPU
		{B8F06B94-6B2F-403C-BDB6-8E6B23EAD634}.Release|Any CPU.ActiveCfg = Release|Any CPU
		{B8F06B94-6B2F-403C-BDB6-8E6B23EAD634}.Release|Any CPU.Build.0 = Release|Any CPU
	EndGlobalSection
	GlobalSection(SolutionProperties) = preSolution
		HideSolutionNode = FALSE
	EndGlobalSection
	GlobalSection(ExtensibilityGlobals) = postSolution
		SolutionGuid = {5FCF0B97-060A-481F-B3A4-7123687365E4}
	EndGlobalSection
EndGlobal
