
Microsoft Visual Studio Solution File, Format Version 12.00
# Visual Studio Version 17
VisualStudioVersion = 17.1.32228.430
MinimumVisualStudioVersion = 10.0.40219.1
Project("{FAE04EC0-301F-11D3-BF4B-00C04F79EFBC}") = "Vista", "Vista\Vista.csproj", "{9507BD6A-AF66-4CF6-9E97-C28A54202B5A}"
EndProject
Project("{FAE04EC0-301F-11D3-BF4B-00C04F79EFBC}") = "Biblioteca", "Biblioteca\Biblioteca.csproj", "{E71F592A-CF32-4204-ADB2-FE7ABA5B6B95}"
EndProject
Global
	GlobalSection(SolutionConfigurationPlatforms) = preSolution
		Debug|Any CPU = Debug|Any CPU
		Release|Any CPU = Release|Any CPU
	EndGlobalSection
	GlobalSection(ProjectConfigurationPlatforms) = postSolution
		{9507BD6A-AF66-4CF6-9E97-C28A54202B5A}.Debug|Any CPU.ActiveCfg = Debug|Any CPU
		{9507BD6A-AF66-4CF6-9E97-C28A54202B5A}.Debug|Any CPU.Build.0 = Debug|Any CPU
		{9507BD6A-AF66-4CF6-9E97-C28A54202B5A}.Release|Any CPU.ActiveCfg = Release|Any CPU
		{9507BD6A-AF66-4CF6-9E97-C28A54202B5A}.Release|Any CPU.Build.0 = Release|Any CPU
		{E71F592A-CF32-4204-ADB2-FE7ABA5B6B95}.Debug|Any CPU.ActiveCfg = Debug|Any CPU
		{E71F592A-CF32-4204-ADB2-FE7ABA5B6B95}.Debug|Any CPU.Build.0 = Debug|Any CPU
		{E71F592A-CF32-4204-ADB2-FE7ABA5B6B95}.Release|Any CPU.ActiveCfg = Release|Any CPU
		{E71F592A-CF32-4204-ADB2-FE7ABA5B6B95}.Release|Any CPU.Build.0 = Release|Any CPU
	EndGlobalSection
	GlobalSection(SolutionProperties) = preSolution
		HideSolutionNode = FALSE
	EndGlobalSection
	GlobalSection(ExtensibilityGlobals) = postSolution
		SolutionGuid = {8D88A18D-9B52-4265-AF44-86F85424845F}
	EndGlobalSection
EndGlobal
